# @generated - this file is auto-generated by `mise lock` https://mise.jdx.dev/dev-tools/mise-lock.html

lockfile_version = 1

[[tools.bat]]
version = "0.26.1"
backend = "aqua:sharkdp/bat"
specifiers = [
    "0.26",
    "0.26.1",
]

[tools.bat."platforms.linux-x64"]
checksum = "sha256:726f04c8f576a7fd18b7634f1bbf2f915c43494c1c0f013baa3287edb0d5a2a3"
url = "https://github.com/sharkdp/bat/releases/download/v0.26.1/bat-v0.26.1-x86_64-unknown-linux-gnu.tar.gz"
url_api = "https://api.github.com/repos/sharkdp/bat/releases/assets/323549181"

[tools.bat."platforms.macos-arm64"]
checksum = "sha256:e30beff26779c9bf60bb541e1d79046250cb74378f2757f8eb250afddb19e114"
url = "https://github.com/sharkdp/bat/releases/download/v0.26.1/bat-v0.26.1-aarch64-apple-darwin.tar.gz"
url_api = "https://api.github.com/repos/sharkdp/bat/releases/assets/323548442"

[[tools.delta]]
version = "0.19.2"
backend = "aqua:dandavison/delta"
specifiers = [
    "0.19",
    "0.19.2",
]

[tools.delta."platforms.linux-x64"]
checksum = "sha256:8e695c5f586a8c53d6c3b01be0b4a422ed218bfed2a56191caebe373a1c18ab2"
url = "https://github.com/dandavison/delta/releases/download/0.19.2/delta-0.19.2-x86_64-unknown-linux-gnu.tar.gz"
url_api = "https://api.github.com/repos/dandavison/delta/releases/assets/383662069"

[tools.delta."platforms.macos-arm64"]
checksum = "sha256:9be36612a5a13e9e386dc498fb8e50dc87c72ee42b63db0ea05b32f99a72a69a"
url = "https://github.com/dandavison/delta/releases/download/0.19.2/delta-0.19.2-aarch64-apple-darwin.tar.gz"
url_api = "https://api.github.com/repos/dandavison/delta/releases/assets/383662310"

[[tools.dust]]
version = "1.2.6"
backend = "aqua:bootandy/dust"
specifiers = ["1.2.6"]

[tools.dust."platforms.linux-x64"]
checksum = "sha256:14f788707aad217667f6812cf1a9639bf5c861a2ee815d486cffc36051f5e759"
url = "https://github.com/bootandy/dust/releases/download/v1.2.6/dust-v1.2.6-x86_64-unknown-linux-gnu.tar.gz"
url_api = "https://api.github.com/repos/bootandy/dust/releases/assets/568852367"

[tools.dust."platforms.macos-arm64"]
checksum = "sha256:7603c92462bd56305847732eb25d70ab06386d7bcfbce7532b7cf3937fd9684f"
url = "https://github.com/bootandy/dust/releases/download/v1.2.6/dust-v1.2.6-x86_64-apple-darwin.tar.gz"
url_api = "https://api.github.com/repos/bootandy/dust/releases/assets/568852877"

[[tools.eza]]
version = "0.23.5"
backend = "vfox:eza"
specifiers = [
    "0.23",
    "0.23.5",
]

[tools.eza."platforms.linux-x64"]
url = "https://github.com/eza-community/eza/releases/download/v0.23.5/eza_x86_64-unknown-linux-gnu.tar.gz"

[tools.eza."platforms.macos-arm64"]
url = "https://github.com/cargo-bins/cargo-quickinstall/releases/download/eza-0.23.5/eza-0.23.5-aarch64-apple-darwin.tar.gz"

[[tools.fzf]]
version = "0.74.4"
backend = "aqua:junegunn/fzf"
specifiers = ["0.74.4"]

[tools.fzf."platforms.linux-x64"]
checksum = "sha256:05e6813a337cc722c3ed07e54a764b75cc5d671e2e60459db0ba696ee5fa7504"
url = "https://github.com/junegunn/fzf/releases/download/v0.74.4/fzf-0.74.4-linux_amd64.tar.gz"
url_api = "https://api.github.com/repos/junegunn/fzf/releases/assets/558287768"

[tools.fzf."platforms.macos-arm64"]
checksum = "sha256:4f6a113bfc0c7959e0005c78d566a51afc4fcefc956f43735c62a9deb19e92ae"
url = "https://github.com/junegunn/fzf/releases/download/v0.74.4/fzf-0.74.4-darwin_arm64.tar.gz"
url_api = "https://api.github.com/repos/junegunn/fzf/releases/assets/558287774"

[[tools.github-cli]]
version = "2.101.0"
backend = "aqua:cli/cli"
specifiers = ["2.101.0"]

[tools.github-cli."platforms.linux-x64"]
checksum = "sha256:9bca2d1c16825f109907a23307628a2f0698fbf99662b73a5cf0b020293072b8"
url = "https://github.com/cli/cli/releases/download/v2.101.0/gh_2.101.0_linux_amd64.tar.gz"
url_api = "https://api.github.com/repos/cli/cli/releases/assets/565857134"
provenance = "github-attestations"

[tools.github-cli."platforms.macos-arm64"]
checksum = "sha256:e4303e39d8f07141c4bad4b99b01079f05029c59b27076e8fbc825c985ecdd8b"
url = "https://github.com/cli/cli/releases/download/v2.101.0/gh_2.101.0_macOS_arm64.zip"
url_api = "https://api.github.com/repos/cli/cli/releases/assets/565857200"
provenance = "github-attestations"

[[tools.glab]]
version = "1.118.0"
backend = "gitlab:gitlab-org/cli"
specifiers = ["v1.118.0"]

[tools.glab."platforms.linux-x64"]
checksum = "sha256:f3782ddb62b6ab20d0031699ea7b43f345dc6f63e991883660e21343b9524931"
url = "https://gitlab.com/gitlab-org/cli/-/releases/v1.118.0/downloads/glab_1.118.0_linux_amd64.tar.gz"
url_api = "https://gitlab.com/api/v4/projects/gitlab-org%2Fcli/packages/generic/glab/1%2E118%2E0/glab_1%2E118%2E0_linux_amd64%2Etar%2Egz"

[tools.glab."platforms.macos-arm64"]
checksum = "sha256:d289e2ba48f85cc0639cb77e4ea78c14d222d099e8d545c7bb687ba779255f47"
url = "https://gitlab.com/gitlab-org/cli/-/releases/v1.118.0/downloads/glab_1.118.0_darwin_arm64.tar.gz"
url_api = "https://gitlab.com/api/v4/projects/gitlab-org%2Fcli/packages/generic/glab/1%2E118%2E0/glab_1%2E118%2E0_darwin_arm64%2Etar%2Egz"

[[tools.glow]]
version = "3.0.0"
backend = "aqua:charmbracelet/glow"
specifiers = [
    "3",
    "3.0.0",
]

[tools.glow."platforms.linux-x64"]
checksum = "sha256:13e05e4b2acc18d2aee44291aefe6325b077ec321b631a0cfa780e8e3bc33f78"
url = "https://github.com/charmbracelet/glow/releases/download/v3.0.0/glow_3.0.0_Linux_x86_64.tar.gz"
url_api = "https://api.github.com/repos/charmbracelet/glow/releases/assets/510466923"
provenance = "cosign"

[tools.glow."platforms.macos-arm64"]
checksum = "sha256:4b8a9a32412c0525e4c239e65171706fc5beb6d423608d99fe16788d47b345d3"
url = "https://github.com/charmbracelet/glow/releases/download/v3.0.0/glow_3.0.0_Darwin_arm64.tar.gz"
url_api = "https://api.github.com/repos/charmbracelet/glow/releases/assets/510466964"
provenance = "cosign"

[[tools.lazydocker]]
version = "0.25.2"
backend = "aqua:jesseduffield/lazydocker"
specifiers = [
    "0.25",
    "0.25.2",
]

[tools.lazydocker."platforms.linux-x64"]
checksum = "sha256:0d9dbfc26068b218e7ed84b104748cadc6e3cf733c0afd35465306fb39b9523c"
url = "https://github.com/jesseduffield/lazydocker/releases/download/v0.25.2/lazydocker_0.25.2_Linux_x86_64.tar.gz"
url_api = "https://api.github.com/repos/jesseduffield/lazydocker/releases/assets/399711577"

[tools.lazydocker."platforms.macos-arm64"]
checksum = "sha256:4a54d7b4abdf255b2bce9806641eac5568d5b7fbc820c1b5d3f9e34ea1367d60"
url = "https://github.com/jesseduffield/lazydocker/releases/download/v0.25.2/lazydocker_0.25.2_Darwin_arm64.tar.gz"
url_api = "https://api.github.com/repos/jesseduffield/lazydocker/releases/assets/399711580"

[[tools.lazygit]]
version = "0.65.1"
backend = "aqua:jesseduffield/lazygit"
specifiers = ["0.65.1"]

[tools.lazygit."platforms.linux-x64"]
checksum = "sha256:02beacbcda0fa342e50ae3480ba8147307353af3fb28e1d5f790e02329c201a6"
url = "https://github.com/jesseduffield/lazygit/releases/download/v0.65.1/lazygit_0.65.1_linux_x86_64.tar.gz"
url_api = "https://api.github.com/repos/jesseduffield/lazygit/releases/assets/560658266"

[tools.lazygit."platforms.macos-arm64"]
checksum = "sha256:65a367c6ea9a88efebaaf7998a6835eedb987e04916cef677264ff9b31b1b13e"
url = "https://github.com/jesseduffield/lazygit/releases/download/v0.65.1/lazygit_0.65.1_darwin_arm64.tar.gz"
url_api = "https://api.github.com/repos/jesseduffield/lazygit/releases/assets/560658243"

[[tools.mprocs]]
version = "0.9.6"
backend = "aqua:pvolok/dekit"
specifiers = [
    "0.9",
    "0.9.6",
]

[tools.mprocs."platforms.linux-x64"]
checksum = "sha256:52591a9aab797a5e164fa37a5f81b516fa3c25f125b59a60724e38ae98bfe77b"
url = "https://github.com/pvolok/dekit/releases/download/v0.9.6/mprocs-0.9.6-linux-x86_64-musl.tar.gz"
url_api = "https://api.github.com/repos/pvolok/dekit/releases/assets/440298026"

[tools.mprocs."platforms.macos-arm64"]
checksum = "sha256:6b557dc4d446009105f2ae1a33206f54f97cea72f9674af513a7279572350641"
url = "https://github.com/pvolok/dekit/releases/download/v0.9.6/mprocs-0.9.6-darwin-aarch64.tar.gz"
url_api = "https://api.github.com/repos/pvolok/dekit/releases/assets/440298011"

[[tools.neovim]]
version = "0.12.5"
backend = "vfox:mise-plugins/vfox-neovim"
specifiers = [
    "0.12",
    "0.12.5",
]

[tools.neovim."platforms.linux-x64"]
url = "https://github.com/neovim/neovim/releases/download/v0.12.5/nvim-linux-x86_64.tar.gz"

[tools.neovim."platforms.macos-arm64"]
url = "https://github.com/neovim/neovim/releases/download/v0.12.5/nvim-macos-arm64.tar.gz"

[[tools."npm:@schpet/linear-cli"]]
version = "2.6.0"
backend = "npm:@schpet/linear-cli"
specifiers = ["2.6.0"]

[[tools."pipx:httpie"]]
version = "3.2.4"
backend = "pipx:httpie"
specifiers = ["3.2.4"]

[[tools.starship]]
version = "1.26.0"
backend = "aqua:starship/starship"
specifiers = [
    "1.26",
    "1.26.0",
]

[tools.starship."platforms.linux-x64"]
checksum = "sha256:321f0dd7af8340a5f2e6a8fec6538a04f617486f9ec70d878f91c09cd8deef22"
url = "https://github.com/starship/starship/releases/download/v1.26.0/starship-x86_64-unknown-linux-gnu.tar.gz"
url_api = "https://api.github.com/repos/starship/starship/releases/assets/460374620"

[tools.starship."platforms.macos-arm64"]
checksum = "sha256:c40b27b11f580411e068f2fa6c1be7830a387c0bc47a94d1d37f32b054c5361d"
url = "https://github.com/starship/starship/releases/download/v1.26.0/starship-aarch64-apple-darwin.tar.gz"
url_api = "https://api.github.com/repos/starship/starship/releases/assets/460374577"

[[tools.tmux]]
version = "3.7c"
backend = "aqua:tmux/tmux-builds"
specifiers = [
    "3",
    "3.7c",
]

[tools.tmux."platforms.linux-x64"]
checksum = "sha256:cc56bd1cc873eb6089c615f0496b072385bda8a6d944069f38564a5d49c128aa"
url = "https://github.com/tmux/tmux-builds/releases/download/v3.7c/tmux-3.7c-linux-x86_64.tar.gz"
url_api = "https://api.github.com/repos/tmux/tmux-builds/releases/assets/528734864"

[tools.tmux."platforms.macos-arm64"]
checksum = "sha256:0a763dd0380aa980d239509654da1bc7455843706a3c050f6709c8cd2e13d12d"
url = "https://github.com/tmux/tmux-builds/releases/download/v3.7c/tmux-3.7c-macos-arm64.tar.gz"
url_api = "https://api.github.com/repos/tmux/tmux-builds/releases/assets/528734861"

[[tools.yazi]]
version = "26.9.1"
backend = "aqua:sxyazi/yazi"
specifiers = [
    "26",
    "26.9.1",
]

[tools.yazi."platforms.linux-x64"]
checksum = "sha256:a02fe91d3304294048c681f010f1100856872a4e98ecf6927328e888d40a6ad2"
url = "https://github.com/sxyazi/yazi/releases/download/v26.9.1/yazi-x86_64-unknown-linux-gnu.zip"
url_api = "https://api.github.com/repos/sxyazi/yazi/releases/assets/539261400"

[tools.yazi."platforms.macos-arm64"]
checksum = "sha256:3921182a21cceb0a505e5dac578e1487d48104caa5f114e9f8adf40b5a7289a9"
url = "https://github.com/sxyazi/yazi/releases/download/v26.9.1/yazi-aarch64-apple-darwin.zip"
url_api = "https://api.github.com/repos/sxyazi/yazi/releases/assets/539261410"

[[tools.zoxide]]
version = "0.10.0"
backend = "aqua:ajeetdsouza/zoxide"
specifiers = [
    "0.10",
    "0.10.0",
]

[tools.zoxide."platforms.linux-x64"]
checksum = "sha256:2d93385b99f3e82cf2701609a1bffcad863fbeb75aa3fe7eb6be4d29be68b1ae"
url = "https://github.com/ajeetdsouza/zoxide/releases/download/v0.10.0/zoxide-0.10.0-x86_64-unknown-linux-musl.tar.gz"
url_api = "https://api.github.com/repos/ajeetdsouza/zoxide/releases/assets/466316293"

[tools.zoxide."platforms.macos-arm64"]
checksum = "sha256:b55ae6f2f5f23d0a6ccb3bd4eeb2af9c7e0a6556e5255c82100e40305129bbb0"
url = "https://github.com/ajeetdsouza/zoxide/releases/download/v0.10.0/zoxide-0.10.0-aarch64-apple-darwin.tar.gz"
url_api = "https://api.github.com/repos/ajeetdsouza/zoxide/releases/assets/466316174"
