# @generated - this file is auto-generated by `mise lock` https://mise.jdx.dev/dev-tools/mise-lock.html

lockfile_version = 1

[[tools.gradle]]
version = "9.8.0"
backend = "aqua:gradle/gradle-distributions"
specifiers = ["9.8.0"]

[tools.gradle."platforms.linux-x64"]
checksum = "sha256:bafd5ce9cfaea0fbccfdc8439a1ac42fbd4cd9c89dc9a988228d8a2639a58e6c"
url = "https://github.com/gradle/gradle-distributions/releases/download/v9.8.0/gradle-9.8.0-bin.zip"
url_api = "https://api.github.com/repos/gradle/gradle-distributions/releases/assets/586068844"

[tools.gradle."platforms.macos-arm64"]
checksum = "sha256:bafd5ce9cfaea0fbccfdc8439a1ac42fbd4cd9c89dc9a988228d8a2639a58e6c"
url = "https://github.com/gradle/gradle-distributions/releases/download/v9.8.0/gradle-9.8.0-bin.zip"
url_api = "https://api.github.com/repos/gradle/gradle-distributions/releases/assets/586068844"

[[tools.java]]
version = "temurin-25.0.4+101.0.LTS"
backend = "core:java"
specifiers = ["temurin-25.0.4+101.0.LTS"]

[tools.java."platforms.linux-x64"]
checksum = "sha256:dbb698396d478e7fa2b1e50f4103324b2a99b90569ee27c33f2261f9215cf41e"
url = "https://github.com/adoptium/temurin25-binaries/releases/download/jdk-25.0.4.1%2B1/OpenJDK25U-jdk_x64_linux_hotspot_25.0.4.1_1.tar.gz"

[tools.java."platforms.macos-arm64"]
checksum = "sha256:61979887f7506a24a57439ff99adb8b3a7fc89977d9cfe3b8984f58a981b7b9d"
url = "https://github.com/adoptium/temurin25-binaries/releases/download/jdk-25.0.4.1%2B1/OpenJDK25U-jdk_aarch64_mac_hotspot_25.0.4.1_1.tar.gz"

[[tools.kotlin]]
version = "2.4.20"
backend = "github:JetBrains/kotlin"
specifiers = ["2.4.20"]

[tools.kotlin.options]
asset_pattern = "kotlin-compiler-*.zip"

[tools.kotlin."platforms.linux-x64"]
checksum = "sha256:59e9ca74c7904ef2c122b12114937673ccce68de820a663f0ed66ccf8799e0b7"
url = "https://github.com/JetBrains/kotlin/releases/download/v2.4.20/kotlin-compiler-2.4.20.zip"
url_api = "https://api.github.com/repos/JetBrains/kotlin/releases/assets/548578778"

[tools.kotlin."platforms.macos-arm64"]
checksum = "sha256:59e9ca74c7904ef2c122b12114937673ccce68de820a663f0ed66ccf8799e0b7"
url = "https://github.com/JetBrains/kotlin/releases/download/v2.4.20/kotlin-compiler-2.4.20.zip"
url_api = "https://api.github.com/repos/JetBrains/kotlin/releases/assets/548578778"

[[tools.maven]]
version = "3.10.0"
backend = "aqua:apache/maven"
specifiers = ["3.10.0"]

[tools.maven."platforms.linux-x64"]
checksum = "sha512:908b1501bfb420bf7c8affb855534a9c407fd6099367bfb9f2f2dcb8e9799102bffb84518cde74c679bd76870247c6528683abdd620581bffa90f95d92d175aa"
url = "https://archive.apache.org/dist/maven/maven-3/3.10.0/binaries/apache-maven-3.10.0-bin.tar.gz"

[tools.maven."platforms.macos-arm64"]
checksum = "sha512:908b1501bfb420bf7c8affb855534a9c407fd6099367bfb9f2f2dcb8e9799102bffb84518cde74c679bd76870247c6528683abdd620581bffa90f95d92d175aa"
url = "https://archive.apache.org/dist/maven/maven-3/3.10.0/binaries/apache-maven-3.10.0-bin.tar.gz"
