# @generated - this file is auto-generated by `mise lock` https://mise.jdx.dev/dev-tools/mise-lock.html

lockfile_version = 1

[[tools.age]]
version = "1.3.2"
backend = "aqua:FiloSottile/age"
specifiers = [
    "1",
    "1.3.2",
]

[tools.age."platforms.linux-x64"]
checksum = "sha256:cbe24006683f8eb669266162894b9a522a1af52f2665fbc63a4bb032ed26ac10"
url = "https://github.com/FiloSottile/age/releases/download/v1.3.2/age-v1.3.2-linux-amd64.tar.gz"
url_api = "https://api.github.com/repos/FiloSottile/age/releases/assets/535541903"
provenance = "github-attestations"

[tools.age."platforms.macos-arm64"]
checksum = "sha256:e2020b073c44f692685a24d6abc378817eb81ffaaf49fd0531ef8565f767f2f5"
url = "https://github.com/FiloSottile/age/releases/download/v1.3.2/age-v1.3.2-darwin-arm64.tar.gz"
url_api = "https://api.github.com/repos/FiloSottile/age/releases/assets/535541897"
provenance = "github-attestations"

[[tools.argocd]]
version = "3.5.2"
backend = "aqua:argoproj/argo-cd"
specifiers = [
    "3",
    "3.5.2",
]

[tools.argocd."platforms.linux-x64"]
checksum = "sha256:d87058531d2aed735100636dd7664bdd49b862588993b571385c49494f9832c1"
url = "https://github.com/argoproj/argo-cd/releases/download/v3.5.2/argocd-linux-amd64"
url_api = "https://api.github.com/repos/argoproj/argo-cd/releases/assets/532097221"

[tools.argocd."platforms.linux-x64".provenance.slsa]
url = "https://github.com/argoproj/argo-cd/releases/download/v3.5.2/argocd-cli.intoto.jsonl"

[tools.argocd."platforms.macos-arm64"]
checksum = "sha256:6ef581f2d66b3edd178d31705639fa9b58ce820559d83cf78fef50759d821c77"
url = "https://github.com/argoproj/argo-cd/releases/download/v3.5.2/argocd-darwin-arm64"
url_api = "https://api.github.com/repos/argoproj/argo-cd/releases/assets/532097446"

[tools.argocd."platforms.macos-arm64".provenance.slsa]
url = "https://github.com/argoproj/argo-cd/releases/download/v3.5.2/argocd-cli.intoto.jsonl"

[[tools.awscli]]
version = "2.36.44"
backend = "aqua:aws/aws-cli"
specifiers = [
    "2",
    "2.36.44",
]

[tools.awscli."platforms.linux-x64"]
url = "https://awscli.amazonaws.com/awscli-exe-linux-x86_64-2.36.44.zip"

[tools.awscli."platforms.macos-arm64"]
url = "https://awscli.amazonaws.com/AWSCLIV2-2.36.44.pkg"

[[tools.doctl]]
version = "1.168.0"
backend = "aqua:digitalocean/doctl"
specifiers = [
    "1",
    "1.168.0",
]

[tools.doctl."platforms.linux-x64"]
checksum = "sha256:ad817330e1a12fd60729f105d8c39af31ca845f221a60886a1b2215f74d9b35d"
url = "https://github.com/digitalocean/doctl/releases/download/v1.168.0/doctl-1.168.0-linux-amd64.tar.gz"
url_api = "https://api.github.com/repos/digitalocean/doctl/releases/assets/538016513"

[tools.doctl."platforms.macos-arm64"]
checksum = "sha256:c945952e174146f120593b48d840680b652974b3a3bd19789b1bccfec4d98564"
url = "https://github.com/digitalocean/doctl/releases/download/v1.168.0/doctl-1.168.0-darwin-arm64.tar.gz"
url_api = "https://api.github.com/repos/digitalocean/doctl/releases/assets/538016485"

[[tools.flux2]]
version = "2.9.5"
backend = "aqua:fluxcd/flux2"
specifiers = [
    "2",
    "2.9.5",
]

[tools.flux2."platforms.linux-x64"]
checksum = "sha256:b853df82adfd7736f580692f9f734473d571606307139f8fd20c2a80dd1ff473"
url = "https://github.com/fluxcd/flux2/releases/download/v2.9.5/flux_2.9.5_linux_amd64.tar.gz"
url_api = "https://api.github.com/repos/fluxcd/flux2/releases/assets/538282891"

[tools.flux2."platforms.linux-x64".provenance.slsa]
url = "https://github.com/fluxcd/flux2/releases/download/v2.9.5/provenance.intoto.jsonl"

[tools.flux2."platforms.macos-arm64"]
checksum = "sha256:2869ef7151a6f1b27e6b5d2a6804f3ef23c7bdaa06a74e00d3fe5bfc646547fd"
url = "https://github.com/fluxcd/flux2/releases/download/v2.9.5/flux_2.9.5_darwin_arm64.tar.gz"
url_api = "https://api.github.com/repos/fluxcd/flux2/releases/assets/538282876"

[tools.flux2."platforms.macos-arm64".provenance.slsa]
url = "https://github.com/fluxcd/flux2/releases/download/v2.9.5/provenance.intoto.jsonl"

[[tools."github:pyahu/cli"]]
version = "0.10.1"
backend = "github:pyahu/cli"
specifiers = ["0.10.1"]

[tools."github:pyahu/cli"."platforms.linux-x64"]
checksum = "sha256:9dfcbc31ea9574d1c0e7ee4469e0765a080cdd3e5cd706b765fc4e3989fb8a04"
url = "https://github.com/pyahu/cli/releases/download/v0.10.1/pyahu_Linux_x86_64.tar.gz"
url_api = "https://api.github.com/repos/pyahu/cli/releases/assets/551406799"

[tools."github:pyahu/cli"."platforms.macos-arm64"]
checksum = "sha256:22620da390bb580ca46eb2aafb1c802a257b4a6a662c47e02bd0375d5d057edb"
url = "https://github.com/pyahu/cli/releases/download/v0.10.1/pyahu_Darwin_arm64.tar.gz"
url_api = "https://api.github.com/repos/pyahu/cli/releases/assets/551406802"

[[tools.grpcurl]]
version = "1.9.4"
backend = "aqua:fullstorydev/grpcurl"
specifiers = [
    "1.9",
    "1.9.4",
]

[tools.grpcurl."platforms.linux-x64"]
checksum = "sha256:97e13d58d2733a0e62cd2571d1d5f0c02823f0d25282f08bddedf1ad9c5d1736"
url = "https://github.com/fullstorydev/grpcurl/releases/download/v1.9.4/grpcurl_1.9.4_linux_x86_64.tar.gz"
url_api = "https://api.github.com/repos/fullstorydev/grpcurl/releases/assets/538422736"

[tools.grpcurl."platforms.macos-arm64"]
checksum = "sha256:e0df111350acf8ee38f453f4e97e0474cfe1a987ee0c368ebe5383e6a4bccf25"
url = "https://github.com/fullstorydev/grpcurl/releases/download/v1.9.4/grpcurl_1.9.4_osx_arm64.tar.gz"
url_api = "https://api.github.com/repos/fullstorydev/grpcurl/releases/assets/538422750"

[[tools.hcloud]]
version = "1.67.0"
backend = "aqua:hetznercloud/cli"
specifiers = [
    "1",
    "1.67.0",
]

[tools.hcloud."platforms.linux-x64"]
checksum = "sha256:7164483e05a1abef492768db429a28c21d579dc70e807558cb140debc2971477"
url = "https://github.com/hetznercloud/cli/releases/download/v1.67.0/hcloud-linux-amd64.tar.gz"
url_api = "https://api.github.com/repos/hetznercloud/cli/releases/assets/488375554"

[tools.hcloud."platforms.macos-arm64"]
checksum = "sha256:086295a836f4ee3ff062d6435c4b93108833b35278249414c461857aa42ac21a"
url = "https://github.com/hetznercloud/cli/releases/download/v1.67.0/hcloud-darwin-arm64.tar.gz"
url_api = "https://api.github.com/repos/hetznercloud/cli/releases/assets/488375578"

[[tools.helm]]
version = "4.2.4"
backend = "aqua:helm/helm"
specifiers = [
    "4",
    "4.2.4",
]

[tools.helm."platforms.linux-x64"]
checksum = "sha256:c306b46f719b0a4da32d0f78ee21bf90ce8d602f15b22ab753f0674d1670a7f3"
url = "https://get.helm.sh/helm-v4.2.4-linux-amd64.tar.gz"

[tools.helm."platforms.macos-arm64"]
checksum = "sha256:d747eb4e28bd2727173d15b759fa0a17822291ec09db7ced3d55af290a3661a2"
url = "https://get.helm.sh/helm-v4.2.4-darwin-arm64.tar.gz"

[[tools.k3d]]
version = "5.9.0"
backend = "aqua:k3d-io/k3d"
specifiers = [
    "5.9",
    "5.9.0",
]

[tools.k3d."platforms.linux-x64"]
checksum = "sha256:06d8f25bc3a971c4eb29e0ff08429b180402db0f4dec838c9eac427e296800a0"
url = "https://github.com/k3d-io/k3d/releases/download/v5.9.0/k3d-linux-amd64"
url_api = "https://api.github.com/repos/k3d-io/k3d/releases/assets/436305793"

[tools.k3d."platforms.macos-arm64"]
checksum = "sha256:fe106541d5d0a3f18debcd4d432a16f8c0ce3e6ddc06f8fbb6f696a122313e00"
url = "https://github.com/k3d-io/k3d/releases/download/v5.9.0/k3d-darwin-arm64"
url_api = "https://api.github.com/repos/k3d-io/k3d/releases/assets/436305875"

[[tools.k9s]]
version = "0.51.0"
backend = "aqua:derailed/k9s"
specifiers = [
    "0.51",
    "0.51.0",
]

[tools.k9s."platforms.linux-x64"]
checksum = "sha256:c3752ad51a5a4015a113819c4eeb6e55a4d0e4b8e652494797532f6fc8161dd7"
url = "https://github.com/derailed/k9s/releases/download/v0.51.0/k9s_Linux_amd64.tar.gz"
url_api = "https://api.github.com/repos/derailed/k9s/releases/assets/440224321"

[tools.k9s."platforms.macos-arm64"]
checksum = "sha256:9b8c0e8f461e5d33aeee43a67f5ef4aff646a008a786887b8266cbb153c610cc"
url = "https://github.com/derailed/k9s/releases/download/v0.51.0/k9s_Darwin_arm64.tar.gz"
url_api = "https://api.github.com/repos/derailed/k9s/releases/assets/440224326"

[[tools.kind]]
version = "0.33.0"
backend = "aqua:kubernetes-sigs/kind"
specifiers = ["0.33.0"]

[tools.kind."platforms.linux-x64"]
checksum = "sha256:aee6151561422756b764a4ae28e7f44cda5af5a9eead3cc9985112b1de8d8e0d"
url = "https://github.com/kubernetes-sigs/kind/releases/download/v0.33.0/kind-linux-amd64"
url_api = "https://api.github.com/repos/kubernetes-sigs/kind/releases/assets/531396433"

[tools.kind."platforms.macos-arm64"]
checksum = "sha256:0c8c7dbe5e23594a198b786c4bc13dacc101fa6196b0cb0b23a1ca44e61f4b4f"
url = "https://github.com/kubernetes-sigs/kind/releases/download/v0.33.0/kind-darwin-arm64"
url_api = "https://api.github.com/repos/kubernetes-sigs/kind/releases/assets/531396417"

[[tools.kubectl]]
version = "1.37.0"
backend = "aqua:kubernetes/kubernetes/kubectl"
specifiers = ["1.37.0"]

[tools.kubectl."platforms.linux-x64"]
checksum = "sha256:6129359f4e1f3848a5572ccb0b26cf28b8ca08cef38c95a765b2f64a2c961a2f"
url = "https://dl.k8s.io/v1.37.0/bin/linux/amd64/kubectl"

[tools.kubectl."platforms.macos-arm64"]
checksum = "sha256:583beedaebe422e71d3f1a96acef8b1fef86ea2f09a45ad01aa6c9ce287c1380"
url = "https://dl.k8s.io/v1.37.0/bin/darwin/arm64/kubectl"

[[tools.kubectx]]
version = "0.11.0"
backend = "aqua:ahmetb/kubectx"
specifiers = [
    "0.11",
    "0.11.0",
]

[tools.kubectx."platforms.linux-x64"]
checksum = "sha256:08e031c54fbffb3f100e904e4eae94bba2730fedf4869921fda79e4d7a8f5d4c"
url = "https://github.com/ahmetb/kubectx/releases/download/v0.11.0/kubectx_v0.11.0_linux_x86_64.tar.gz"
url_api = "https://api.github.com/repos/ahmetb/kubectx/releases/assets/382590978"

[tools.kubectx."platforms.macos-arm64"]
checksum = "sha256:b8c9b5150ca6d902474a115cf7e535831081b9ae10cbe561ea36c82bb3823d02"
url = "https://github.com/ahmetb/kubectx/releases/download/v0.11.0/kubectx_v0.11.0_darwin_arm64.tar.gz"
url_api = "https://api.github.com/repos/ahmetb/kubectx/releases/assets/382590921"

[[tools.kubens]]
version = "0.11.0"
backend = "aqua:ahmetb/kubectx/kubens"
specifiers = [
    "0.11",
    "0.11.0",
]

[tools.kubens."platforms.linux-x64"]
checksum = "sha256:326c021c7b35468ed9a187b361198d0f22ae32828139c65eb6670c0d8301cc09"
url = "https://github.com/ahmetb/kubectx/releases/download/v0.11.0/kubens_v0.11.0_linux_x86_64.tar.gz"
url_api = "https://api.github.com/repos/ahmetb/kubectx/releases/assets/382591017"

[tools.kubens."platforms.macos-arm64"]
checksum = "sha256:b1c87ddca22f1afc3e980ac807a715cd1183750022798d28a0a4e0cf66bec4e3"
url = "https://github.com/ahmetb/kubectx/releases/download/v0.11.0/kubens_v0.11.0_darwin_arm64.tar.gz"
url_api = "https://api.github.com/repos/ahmetb/kubectx/releases/assets/382591004"

[[tools.kustomize]]
version = "5.8.1"
backend = "aqua:kubernetes-sigs/kustomize"
specifiers = [
    "5",
    "5.8.1",
]

[tools.kustomize."platforms.linux-x64"]
checksum = "sha256:029a7f0f4e1932c52a0476cf02a0fd855c0bb85694b82c338fc648dcb53a819d"
url = "https://github.com/kubernetes-sigs/kustomize/releases/download/kustomize/v5.8.1/kustomize_v5.8.1_linux_amd64.tar.gz"
url_api = "https://api.github.com/repos/kubernetes-sigs/kustomize/releases/assets/353160972"

[tools.kustomize."platforms.macos-arm64"]
checksum = "sha256:8886f8a78474e608cc81234f729fda188a9767da23e28925802f00ece2bab288"
url = "https://github.com/kubernetes-sigs/kustomize/releases/download/kustomize/v5.8.1/kustomize_v5.8.1_darwin_arm64.tar.gz"
url_api = "https://api.github.com/repos/kubernetes-sigs/kustomize/releases/assets/353160975"

[[tools."pipx:mycli"]]
version = "2.23.0"
backend = "pipx:mycli"
specifiers = ["2.23.0"]

[[tools."pipx:oci-cli"]]
version = "3.92.1"
backend = "pipx:oci-cli"
specifiers = ["3.92.1"]

[[tools."pipx:pgcli"]]
version = "4.6.0"
backend = "pipx:pgcli"
specifiers = ["4.6.0"]

[[tools.sops]]
version = "3.13.3"
backend = "aqua:getsops/sops"
specifiers = [
    "3",
    "3.13.3",
]

[tools.sops."platforms.linux-x64"]
checksum = "sha256:e5bec3346a873ae91d871550f3e698c1aad962aff462a080e40f25fde17fef6b"
url = "https://github.com/getsops/sops/releases/download/v3.13.3/sops-v3.13.3.linux.amd64"
url_api = "https://api.github.com/repos/getsops/sops/releases/assets/486808201"

[tools.sops."platforms.linux-x64".provenance.slsa]
url = "https://github.com/getsops/sops/releases/download/v3.13.3/sops-v3.13.3.intoto.jsonl"

[tools.sops."platforms.macos-arm64"]
checksum = "sha256:b97c0d434aab577dc40310e8d22ff9e45eef4c80638ab978daae9b4681c59286"
url = "https://github.com/getsops/sops/releases/download/v3.13.3/sops-v3.13.3.darwin.arm64"
url_api = "https://api.github.com/repos/getsops/sops/releases/assets/486808198"

[tools.sops."platforms.macos-arm64".provenance.slsa]
url = "https://github.com/getsops/sops/releases/download/v3.13.3/sops-v3.13.3.intoto.jsonl"

[[tools.telepresence]]
version = "2.31.2"
backend = "aqua:telepresenceio/telepresence"
specifiers = [
    "2",
    "2.31.2",
]

[tools.telepresence."platforms.linux-x64"]
checksum = "sha256:d512fa457d9d02b9fdda2a6e353bafadc6eaf6b6af749c1be33c67c1a96b1e9f"
url = "https://github.com/telepresenceio/telepresence/releases/download/v2.31.2/telepresence-linux-amd64"
url_api = "https://api.github.com/repos/telepresenceio/telepresence/releases/assets/499076100"

[tools.telepresence."platforms.macos-arm64"]
checksum = "sha256:e16a959934e5b49fdf8ada712b946a27aaf63e038022ce184c9fc76b5c593767"
url = "https://github.com/telepresenceio/telepresence/releases/download/v2.31.2/telepresence-darwin-arm64"
url_api = "https://api.github.com/repos/telepresenceio/telepresence/releases/assets/499076157"

[[tools.terraform]]
version = "1.16.2"
backend = "aqua:hashicorp/terraform"
specifiers = ["1.16.2"]

[tools.terraform."platforms.linux-x64"]
checksum = "sha256:0d17011f0c4664539b164b044903d04e296c86c13cb9f28040076c65cfb3985a"
url = "https://releases.hashicorp.com/terraform/1.16.2/terraform_1.16.2_linux_amd64.zip"

[tools.terraform."platforms.macos-arm64"]
checksum = "sha256:7c0a0b31c8aa541351369bcf7b62a7289fbc21de7e577669aeba6d42f4e6cc41"
url = "https://releases.hashicorp.com/terraform/1.16.2/terraform_1.16.2_darwin_arm64.zip"
