# @generated - this file is auto-generated by `mise lock` https://mise.jdx.dev/dev-tools/mise-lock.html

lockfile_version = 1

[[tools.d2]]
version = "v0.9.0"
backend = "aqua:d2lang/d2"
specifiers = ["v0.9.0"]

[tools.d2."platforms.linux-x64"]
checksum = "sha256:5669ddc46b99e942cc96078f4a4e36d5e62103348f4c05179ede27802fdd87a9"
url = "https://github.com/d2lang/d2/releases/download/v0.9.0/d2-v0.9.0-linux-amd64.tar.gz"
url_api = "https://api.github.com/repos/d2lang/d2/releases/assets/549448945"

[tools.d2."platforms.macos-arm64"]
checksum = "sha256:eaf6c0c143e56dd9fa97bfb6df25ea9c1ebce40245f056a0768cf1a6c15d3064"
url = "https://github.com/d2lang/d2/releases/download/v0.9.0/d2-v0.9.0-macos-arm64.tar.gz"
url_api = "https://api.github.com/repos/d2lang/d2/releases/assets/549449061"
