# @generated - this file is auto-generated by `mise lock` https://mise.jdx.dev/dev-tools/mise-lock.html

lockfile_version = 1

[[tools.bat]]
version = "0.26.1"
backend = "aqua:sharkdp/bat"
specifiers = [
    "0.26",
    "0.26.1",
]

[tools.bat."platforms.linux-x64"]
checksum = "sha256:726f04c8f576a7fd18b7634f1bbf2f915c43494c1c0f013baa3287edb0d5a2a3"
url = "https://github.com/sharkdp/bat/releases/download/v0.26.1/bat-v0.26.1-x86_64-unknown-linux-gnu.tar.gz"
url_api = "https://api.github.com/repos/sharkdp/bat/releases/assets/323549181"

[tools.bat."platforms.macos-arm64"]
checksum = "sha256:e30beff26779c9bf60bb541e1d79046250cb74378f2757f8eb250afddb19e114"
url = "https://github.com/sharkdp/bat/releases/download/v0.26.1/bat-v0.26.1-aarch64-apple-darwin.tar.gz"
url_api = "https://api.github.com/repos/sharkdp/bat/releases/assets/323548442"

[[tools.delta]]
version = "0.19.2"
backend = "aqua:dandavison/delta"
specifiers = [
    "0.19",
    "0.19.2",
]

[tools.delta."platforms.linux-x64"]
checksum = "sha256:8e695c5f586a8c53d6c3b01be0b4a422ed218bfed2a56191caebe373a1c18ab2"
url = "https://github.com/dandavison/delta/releases/download/0.19.2/delta-0.19.2-x86_64-unknown-linux-gnu.tar.gz"
url_api = "https://api.github.com/repos/dandavison/delta/releases/assets/383662069"

[tools.delta."platforms.macos-arm64"]
checksum = "sha256:9be36612a5a13e9e386dc498fb8e50dc87c72ee42b63db0ea05b32f99a72a69a"
url = "https://github.com/dandavison/delta/releases/download/0.19.2/delta-0.19.2-aarch64-apple-darwin.tar.gz"
url_api = "https://api.github.com/repos/dandavison/delta/releases/assets/383662310"

[[tools.dust]]
version = "1.2.5"
backend = "aqua:bootandy/dust"
specifiers = [
    "1",
    "1.2.5",
]

[tools.dust."platforms.linux-x64"]
checksum = "sha256:64b16f5c10cc4c25d2eaa144e9d2d44b3ed8f72ee63b3bc0a92c85e21e9e0932"
url = "https://github.com/bootandy/dust/releases/download/v1.2.5/dust-v1.2.5-x86_64-unknown-linux-gnu.tar.gz"
url_api = "https://api.github.com/repos/bootandy/dust/releases/assets/521290571"

[tools.dust."platforms.macos-arm64"]
checksum = "sha256:29566236d7a5e2afbc3fcf2d365845a4eaf0fc969a4ed9f8b878bc1a4fc7d2b8"
url = "https://github.com/bootandy/dust/releases/download/v1.2.5/dust-v1.2.5-x86_64-apple-darwin.tar.gz"
url_api = "https://api.github.com/repos/bootandy/dust/releases/assets/521290141"

[[tools.eza]]
version = "0.23.5"
backend = "vfox:eza"
specifiers = [
    "0.23",
    "0.23.5",
]

[tools.eza."platforms.linux-x64"]
url = "https://github.com/eza-community/eza/releases/download/v0.23.5/eza_x86_64-unknown-linux-gnu.tar.gz"

[tools.eza."platforms.macos-arm64"]
url = "https://github.com/cargo-bins/cargo-quickinstall/releases/download/eza-0.23.5/eza-0.23.5-aarch64-apple-darwin.tar.gz"

[[tools.fzf]]
version = "0.74.3"
backend = "aqua:junegunn/fzf"
specifiers = [
    "0.74",
    "0.74.3",
]

[tools.fzf."platforms.linux-x64"]
checksum = "sha256:3501a595e4b5c40a6b047340a0e8f805c46fd4e61ef95ef8a136ba8c61cf6f22"
url = "https://github.com/junegunn/fzf/releases/download/v0.74.3/fzf-0.74.3-linux_amd64.tar.gz"
url_api = "https://api.github.com/repos/junegunn/fzf/releases/assets/517537066"

[tools.fzf."platforms.macos-arm64"]
checksum = "sha256:1f8501cea4f9c0c2d6110d0ff75d0ec9451cd9d7524d9a26244a154ea89f3bd5"
url = "https://github.com/junegunn/fzf/releases/download/v0.74.3/fzf-0.74.3-darwin_arm64.tar.gz"
url_api = "https://api.github.com/repos/junegunn/fzf/releases/assets/517537091"

[[tools.github-cli]]
version = "2.100.0"
backend = "aqua:cli/cli"
specifiers = [
    "2",
    "2.100.0",
]

[tools.github-cli."platforms.linux-x64"]
checksum = "sha256:e4d4bb4498e8d007abe545b6568926793ace1b6447da598294a610018cb164be"
url = "https://github.com/cli/cli/releases/download/v2.100.0/gh_2.100.0_linux_amd64.tar.gz"
url_api = "https://api.github.com/repos/cli/cli/releases/assets/542974264"
provenance = "github-attestations"

[tools.github-cli."platforms.macos-arm64"]
checksum = "sha256:45f9a62da2f6e641a7fad57e2ce39656dfd7ef331372d80a2a2aed65abb01642"
url = "https://github.com/cli/cli/releases/download/v2.100.0/gh_2.100.0_macOS_arm64.zip"
url_api = "https://api.github.com/repos/cli/cli/releases/assets/542974295"
provenance = "github-attestations"

[[tools.glab]]
version = "1.116.0"
backend = "gitlab:gitlab-org/cli"
specifiers = [
    "1",
    "1.116.0",
]

[tools.glab."platforms.linux-x64"]
checksum = "sha256:173cc61ea94c562f2ccd831f320d25b73982192e82810064552282482e3713ea"
url = "https://gitlab.com/gitlab-org/cli/-/releases/v1.116.0/downloads/glab_1.116.0_linux_amd64.tar.gz"
url_api = "https://gitlab.com/api/v4/projects/gitlab-org%2Fcli/packages/generic/glab/1%2E116%2E0/glab_1%2E116%2E0_linux_amd64%2Etar%2Egz"

[tools.glab."platforms.macos-arm64"]
checksum = "sha256:74d26ed28dc79cc242154fd8dc7434e446bfe8eec98f627118b17aa89e6212ff"
url = "https://gitlab.com/gitlab-org/cli/-/releases/v1.116.0/downloads/glab_1.116.0_darwin_arm64.tar.gz"
url_api = "https://gitlab.com/api/v4/projects/gitlab-org%2Fcli/packages/generic/glab/1%2E116%2E0/glab_1%2E116%2E0_darwin_arm64%2Etar%2Egz"

[[tools.glow]]
version = "3.0.0"
backend = "aqua:charmbracelet/glow"
specifiers = [
    "3",
    "3.0.0",
]

[tools.glow."platforms.linux-x64"]
checksum = "sha256:13e05e4b2acc18d2aee44291aefe6325b077ec321b631a0cfa780e8e3bc33f78"
url = "https://github.com/charmbracelet/glow/releases/download/v3.0.0/glow_3.0.0_Linux_x86_64.tar.gz"
url_api = "https://api.github.com/repos/charmbracelet/glow/releases/assets/510466923"
provenance = "cosign"

[tools.glow."platforms.macos-arm64"]
checksum = "sha256:4b8a9a32412c0525e4c239e65171706fc5beb6d423608d99fe16788d47b345d3"
url = "https://github.com/charmbracelet/glow/releases/download/v3.0.0/glow_3.0.0_Darwin_arm64.tar.gz"
url_api = "https://api.github.com/repos/charmbracelet/glow/releases/assets/510466964"
provenance = "cosign"

[[tools.lazydocker]]
version = "0.25.2"
backend = "aqua:jesseduffield/lazydocker"
specifiers = [
    "0.25",
    "0.25.2",
]

[tools.lazydocker."platforms.linux-x64"]
checksum = "sha256:0d9dbfc26068b218e7ed84b104748cadc6e3cf733c0afd35465306fb39b9523c"
url = "https://github.com/jesseduffield/lazydocker/releases/download/v0.25.2/lazydocker_0.25.2_Linux_x86_64.tar.gz"
url_api = "https://api.github.com/repos/jesseduffield/lazydocker/releases/assets/399711577"

[tools.lazydocker."platforms.macos-arm64"]
checksum = "sha256:4a54d7b4abdf255b2bce9806641eac5568d5b7fbc820c1b5d3f9e34ea1367d60"
url = "https://github.com/jesseduffield/lazydocker/releases/download/v0.25.2/lazydocker_0.25.2_Darwin_arm64.tar.gz"
url_api = "https://api.github.com/repos/jesseduffield/lazydocker/releases/assets/399711580"

[[tools.lazygit]]
version = "0.65.0"
backend = "aqua:jesseduffield/lazygit"
specifiers = ["0.65.0"]

[tools.lazygit."platforms.linux-x64"]
checksum = "sha256:44d8e7dd1484b4a66e191bd4ab25a71e8b4b3a65ab122f838e65677ef58c5506"
url = "https://github.com/jesseduffield/lazygit/releases/download/v0.65.0/lazygit_0.65.0_linux_x86_64.tar.gz"
url_api = "https://api.github.com/repos/jesseduffield/lazygit/releases/assets/545957203"

[tools.lazygit."platforms.macos-arm64"]
checksum = "sha256:d8ea1cade9e4279e45cbb58652e84edb07e98a9f8ec0604099c8b0a8f709e63a"
url = "https://github.com/jesseduffield/lazygit/releases/download/v0.65.0/lazygit_0.65.0_darwin_arm64.tar.gz"
url_api = "https://api.github.com/repos/jesseduffield/lazygit/releases/assets/545957198"

[[tools.mprocs]]
version = "0.9.6"
backend = "aqua:pvolok/dekit"
specifiers = [
    "0.9",
    "0.9.6",
]

[tools.mprocs."platforms.linux-x64"]
checksum = "sha256:52591a9aab797a5e164fa37a5f81b516fa3c25f125b59a60724e38ae98bfe77b"
url = "https://github.com/pvolok/dekit/releases/download/v0.9.6/mprocs-0.9.6-linux-x86_64-musl.tar.gz"
url_api = "https://api.github.com/repos/pvolok/dekit/releases/assets/440298026"

[tools.mprocs."platforms.macos-arm64"]
checksum = "sha256:6b557dc4d446009105f2ae1a33206f54f97cea72f9674af513a7279572350641"
url = "https://github.com/pvolok/dekit/releases/download/v0.9.6/mprocs-0.9.6-darwin-aarch64.tar.gz"
url_api = "https://api.github.com/repos/pvolok/dekit/releases/assets/440298011"

[[tools.neovim]]
version = "0.12.5"
backend = "vfox:mise-plugins/vfox-neovim"
specifiers = [
    "0.12",
    "0.12.5",
]

[tools.neovim."platforms.linux-x64"]
url = "https://github.com/neovim/neovim/releases/download/v0.12.5/nvim-linux-x86_64.tar.gz"

[tools.neovim."platforms.macos-arm64"]
url = "https://github.com/neovim/neovim/releases/download/v0.12.5/nvim-macos-arm64.tar.gz"

[[tools."npm:@schpet/linear-cli"]]
version = "2.6.0"
backend = "npm:@schpet/linear-cli"
specifiers = ["2.6.0"]

[[tools."pipx:httpie"]]
version = "3.2.4"
backend = "pipx:httpie"
specifiers = ["3.2.4"]

[[tools.starship]]
version = "1.26.0"
backend = "aqua:starship/starship"
specifiers = [
    "1.26",
    "1.26.0",
]

[tools.starship."platforms.linux-x64"]
checksum = "sha256:321f0dd7af8340a5f2e6a8fec6538a04f617486f9ec70d878f91c09cd8deef22"
url = "https://github.com/starship/starship/releases/download/v1.26.0/starship-x86_64-unknown-linux-gnu.tar.gz"
url_api = "https://api.github.com/repos/starship/starship/releases/assets/460374620"

[tools.starship."platforms.macos-arm64"]
checksum = "sha256:c40b27b11f580411e068f2fa6c1be7830a387c0bc47a94d1d37f32b054c5361d"
url = "https://github.com/starship/starship/releases/download/v1.26.0/starship-aarch64-apple-darwin.tar.gz"
url_api = "https://api.github.com/repos/starship/starship/releases/assets/460374577"

[[tools.tmux]]
version = "3.7c"
backend = "aqua:tmux/tmux-builds"
specifiers = [
    "3",
    "3.7c",
]

[tools.tmux."platforms.linux-x64"]
checksum = "sha256:cc56bd1cc873eb6089c615f0496b072385bda8a6d944069f38564a5d49c128aa"
url = "https://github.com/tmux/tmux-builds/releases/download/v3.7c/tmux-3.7c-linux-x86_64.tar.gz"
url_api = "https://api.github.com/repos/tmux/tmux-builds/releases/assets/528734864"

[tools.tmux."platforms.macos-arm64"]
checksum = "sha256:0a763dd0380aa980d239509654da1bc7455843706a3c050f6709c8cd2e13d12d"
url = "https://github.com/tmux/tmux-builds/releases/download/v3.7c/tmux-3.7c-macos-arm64.tar.gz"
url_api = "https://api.github.com/repos/tmux/tmux-builds/releases/assets/528734861"

[[tools.yazi]]
version = "26.9.1"
backend = "aqua:sxyazi/yazi"
specifiers = [
    "26",
    "26.9.1",
]

[tools.yazi."platforms.linux-x64"]
checksum = "sha256:a02fe91d3304294048c681f010f1100856872a4e98ecf6927328e888d40a6ad2"
url = "https://github.com/sxyazi/yazi/releases/download/v26.9.1/yazi-x86_64-unknown-linux-gnu.zip"
url_api = "https://api.github.com/repos/sxyazi/yazi/releases/assets/539261400"

[tools.yazi."platforms.macos-arm64"]
checksum = "sha256:3921182a21cceb0a505e5dac578e1487d48104caa5f114e9f8adf40b5a7289a9"
url = "https://github.com/sxyazi/yazi/releases/download/v26.9.1/yazi-aarch64-apple-darwin.zip"
url_api = "https://api.github.com/repos/sxyazi/yazi/releases/assets/539261410"

[[tools.zoxide]]
version = "0.10.0"
backend = "aqua:ajeetdsouza/zoxide"
specifiers = [
    "0.10",
    "0.10.0",
]

[tools.zoxide."platforms.linux-x64"]
checksum = "sha256:2d93385b99f3e82cf2701609a1bffcad863fbeb75aa3fe7eb6be4d29be68b1ae"
url = "https://github.com/ajeetdsouza/zoxide/releases/download/v0.10.0/zoxide-0.10.0-x86_64-unknown-linux-musl.tar.gz"
url_api = "https://api.github.com/repos/ajeetdsouza/zoxide/releases/assets/466316293"

[tools.zoxide."platforms.macos-arm64"]
checksum = "sha256:b55ae6f2f5f23d0a6ccb3bd4eeb2af9c7e0a6556e5255c82100e40305129bbb0"
url = "https://github.com/ajeetdsouza/zoxide/releases/download/v0.10.0/zoxide-0.10.0-aarch64-apple-darwin.tar.gz"
url_api = "https://api.github.com/repos/ajeetdsouza/zoxide/releases/assets/466316174"
