# @generated - this file is auto-generated by `mise lock` https://mise.jdx.dev/dev-tools/mise-lock.html

lockfile_version = 1

[[tools.gradle]]
version = "9.7.1"
backend = "aqua:gradle/gradle-distributions"
specifiers = [
    "9",
    "9.7.1",
]

[tools.gradle."platforms.linux-x64"]
checksum = "sha256:acd53f1edaf02f1a8ff99879f8a34b302661a057d9b063ae9e35b552f804d20a"
url = "https://github.com/gradle/gradle-distributions/releases/download/v9.7.1/gradle-9.7.1-bin.zip"
url_api = "https://api.github.com/repos/gradle/gradle-distributions/releases/assets/520945879"

[tools.gradle."platforms.macos-arm64"]
checksum = "sha256:acd53f1edaf02f1a8ff99879f8a34b302661a057d9b063ae9e35b552f804d20a"
url = "https://github.com/gradle/gradle-distributions/releases/download/v9.7.1/gradle-9.7.1-bin.zip"
url_api = "https://api.github.com/repos/gradle/gradle-distributions/releases/assets/520945879"

[[tools.java]]
version = "temurin-25.0.4+101.0.LTS"
backend = "core:java"
specifiers = ["temurin-25.0.4+101.0.LTS"]

[tools.java."platforms.linux-x64"]
checksum = "sha256:dbb698396d478e7fa2b1e50f4103324b2a99b90569ee27c33f2261f9215cf41e"
url = "https://github.com/adoptium/temurin25-binaries/releases/download/jdk-25.0.4.1%2B1/OpenJDK25U-jdk_x64_linux_hotspot_25.0.4.1_1.tar.gz"

[tools.java."platforms.macos-arm64"]
checksum = "sha256:61979887f7506a24a57439ff99adb8b3a7fc89977d9cfe3b8984f58a981b7b9d"
url = "https://github.com/adoptium/temurin25-binaries/releases/download/jdk-25.0.4.1%2B1/OpenJDK25U-jdk_aarch64_mac_hotspot_25.0.4.1_1.tar.gz"

[[tools.kotlin]]
version = "2.4.10"
backend = "github:JetBrains/kotlin"
specifiers = [
    "2",
    "2.4.10",
]

[tools.kotlin.options]
asset_pattern = "kotlin-compiler-*.zip"

[tools.kotlin."platforms.linux-x64"]
checksum = "sha256:473dd66c7a3ef4b182065b3da670466c1bf2773a9dbb0ed8b33a39fe9d4f876d"
url = "https://github.com/JetBrains/kotlin/releases/download/v2.4.10/kotlin-compiler-2.4.10.zip"
url_api = "https://api.github.com/repos/JetBrains/kotlin/releases/assets/476575537"

[tools.kotlin."platforms.macos-arm64"]
checksum = "sha256:473dd66c7a3ef4b182065b3da670466c1bf2773a9dbb0ed8b33a39fe9d4f876d"
url = "https://github.com/JetBrains/kotlin/releases/download/v2.4.10/kotlin-compiler-2.4.10.zip"
url_api = "https://api.github.com/repos/JetBrains/kotlin/releases/assets/476575537"

[[tools.maven]]
version = "3.9.16"
backend = "aqua:apache/maven"
specifiers = [
    "3",
    "3.9.16",
]

[tools.maven."platforms.linux-x64"]
checksum = "sha512:831a8591fe20c8243b1dbe7d71e3244f31d1665b0804b2e825e38cbbe5ce0cafb8338851f90780735568773e0a6cd07bbec107cda0b896b008b861075358b6f6"
url = "https://archive.apache.org/dist/maven/maven-3/3.9.16/binaries/apache-maven-3.9.16-bin.tar.gz"

[tools.maven."platforms.macos-arm64"]
checksum = "sha512:831a8591fe20c8243b1dbe7d71e3244f31d1665b0804b2e825e38cbbe5ce0cafb8338851f90780735568773e0a6cd07bbec107cda0b896b008b861075358b6f6"
url = "https://archive.apache.org/dist/maven/maven-3/3.9.16/binaries/apache-maven-3.9.16-bin.tar.gz"
