# @generated - this file is auto-generated by `mise lock` https://mise.jdx.dev/dev-tools/mise-lock.html

lockfile_version = 1

[[tools.age]]
version = "1.3.2"
backend = "aqua:FiloSottile/age"
specifiers = [
    "1",
    "1.3.2",
]

[tools.age."platforms.linux-x64"]
checksum = "sha256:cbe24006683f8eb669266162894b9a522a1af52f2665fbc63a4bb032ed26ac10"
url = "https://github.com/FiloSottile/age/releases/download/v1.3.2/age-v1.3.2-linux-amd64.tar.gz"
url_api = "https://api.github.com/repos/FiloSottile/age/releases/assets/535541903"
provenance = "github-attestations"

[tools.age."platforms.macos-arm64"]
checksum = "sha256:e2020b073c44f692685a24d6abc378817eb81ffaaf49fd0531ef8565f767f2f5"
url = "https://github.com/FiloSottile/age/releases/download/v1.3.2/age-v1.3.2-darwin-arm64.tar.gz"
url_api = "https://api.github.com/repos/FiloSottile/age/releases/assets/535541897"
provenance = "github-attestations"

[[tools.argocd]]
version = "3.5.3"
backend = "aqua:argoproj/argo-cd"
specifiers = ["3.5.3"]

[tools.argocd."platforms.linux-x64"]
checksum = "sha256:b860f73f57cbddd993cd446f5236d797c1b1ac8554857b2683d2669f17e765b4"
url = "https://github.com/argoproj/argo-cd/releases/download/v3.5.3/argocd-linux-amd64"
url_api = "https://api.github.com/repos/argoproj/argo-cd/releases/assets/562896826"

[tools.argocd."platforms.macos-arm64"]
checksum = "sha256:76efc71c00bc3ffeda5daa277d990e3d89b3628b2440fc7dd38aca79c63b15e0"
url = "https://github.com/argoproj/argo-cd/releases/download/v3.5.3/argocd-darwin-arm64"
url_api = "https://api.github.com/repos/argoproj/argo-cd/releases/assets/562896606"

[[tools.awscli]]
version = "2.37.8"
backend = "aqua:aws/aws-cli"
specifiers = ["2.37.8"]

[tools.awscli."platforms.linux-x64"]
url = "https://awscli.amazonaws.com/awscli-exe-linux-x86_64-2.37.8.zip"

[tools.awscli."platforms.macos-arm64"]
url = "https://awscli.amazonaws.com/AWSCLIV2-2.37.8.pkg"

[[tools.doctl]]
version = "1.177.0"
backend = "aqua:digitalocean/doctl"
specifiers = ["1.177.0"]

[tools.doctl."platforms.linux-x64"]
checksum = "sha256:34d3954721bfb8cdb42032e78d98274f157426fa6332511ae356edcce59dade3"
url = "https://github.com/digitalocean/doctl/releases/download/v1.177.0/doctl-1.177.0-linux-amd64.tar.gz"
url_api = "https://api.github.com/repos/digitalocean/doctl/releases/assets/603785957"

[tools.doctl."platforms.macos-arm64"]
checksum = "sha256:8fd0046662e8421684349458c5c23de5b1beacbfd9d2b0cd8309dc190a12bc34"
url = "https://github.com/digitalocean/doctl/releases/download/v1.177.0/doctl-1.177.0-darwin-arm64.tar.gz"
url_api = "https://api.github.com/repos/digitalocean/doctl/releases/assets/603786020"

[[tools.flux2]]
version = "2.9.6"
backend = "aqua:fluxcd/flux2"
specifiers = ["2.9.6"]

[tools.flux2."platforms.linux-x64"]
checksum = "sha256:b4d22673e9246cbd628881f1a9ef3b090085dced291e42d804555cee8e8d42c5"
url = "https://github.com/fluxcd/flux2/releases/download/v2.9.6/flux_2.9.6_linux_amd64.tar.gz"
url_api = "https://api.github.com/repos/fluxcd/flux2/releases/assets/602941244"

[tools.flux2."platforms.macos-arm64"]
checksum = "sha256:7008a758da4b8d57c5845aad6552f256d4d23630c2b2de2ca8da362f9a48c126"
url = "https://github.com/fluxcd/flux2/releases/download/v2.9.6/flux_2.9.6_darwin_arm64.tar.gz"
url_api = "https://api.github.com/repos/fluxcd/flux2/releases/assets/602941251"

[[tools."github:pyahu/cli"]]
version = "0.12.3"
backend = "github:pyahu/cli"
specifiers = ["0.12.3"]

[tools."github:pyahu/cli"."platforms.linux-x64"]
checksum = "sha256:696010daaf52dcc0b2d136e0173e19db4ad23228072bd474634d779c1296e4a7"
url = "https://github.com/pyahu/cli/releases/download/v0.12.3/pyahu_Linux_x86_64.tar.gz"
url_api = "https://api.github.com/repos/pyahu/cli/releases/assets/584587566"

[tools."github:pyahu/cli"."platforms.macos-arm64"]
checksum = "sha256:a12ea0254b6e766dd0296c2d8ae4c89e4b6f472907117292c272db05459b5d22"
url = "https://github.com/pyahu/cli/releases/download/v0.12.3/pyahu_Darwin_arm64.tar.gz"
url_api = "https://api.github.com/repos/pyahu/cli/releases/assets/584587563"

[[tools.grpcurl]]
version = "1.9.4"
backend = "aqua:fullstorydev/grpcurl"
specifiers = [
    "1.9",
    "1.9.4",
]

[tools.grpcurl."platforms.linux-x64"]
checksum = "sha256:97e13d58d2733a0e62cd2571d1d5f0c02823f0d25282f08bddedf1ad9c5d1736"
url = "https://github.com/fullstorydev/grpcurl/releases/download/v1.9.4/grpcurl_1.9.4_linux_x86_64.tar.gz"
url_api = "https://api.github.com/repos/fullstorydev/grpcurl/releases/assets/538422736"

[tools.grpcurl."platforms.macos-arm64"]
checksum = "sha256:e0df111350acf8ee38f453f4e97e0474cfe1a987ee0c368ebe5383e6a4bccf25"
url = "https://github.com/fullstorydev/grpcurl/releases/download/v1.9.4/grpcurl_1.9.4_osx_arm64.tar.gz"
url_api = "https://api.github.com/repos/fullstorydev/grpcurl/releases/assets/538422750"

[[tools.hcloud]]
version = "1.69.0"
backend = "aqua:hetznercloud/cli"
specifiers = ["1.69.0"]

[tools.hcloud."platforms.linux-x64"]
checksum = "sha256:aca1a346c8d218a094f1811ee1705013d394cabf48e40887292caff464b64277"
url = "https://github.com/hetznercloud/cli/releases/download/v1.69.0/hcloud-linux-amd64.tar.gz"
url_api = "https://api.github.com/repos/hetznercloud/cli/releases/assets/586188429"

[tools.hcloud."platforms.macos-arm64"]
checksum = "sha256:a0ee07cbd1c2350b8cc962aa99967a1aa6558fac3ae87e8a141f008772315b5d"
url = "https://github.com/hetznercloud/cli/releases/download/v1.69.0/hcloud-darwin-arm64.tar.gz"
url_api = "https://api.github.com/repos/hetznercloud/cli/releases/assets/586188377"

[[tools.helm]]
version = "4.3.0"
backend = "aqua:helm/helm"
specifiers = ["4.3.0"]

[tools.helm."platforms.linux-x64"]
checksum = "sha256:86584a54def73570558f66f5111cc53dfed56689637ae32c1201205d494f54fb"
url = "https://get.helm.sh/helm-v4.3.0-linux-amd64.tar.gz"

[tools.helm."platforms.macos-arm64"]
checksum = "sha256:d3870437e1e95b67f8edbde964156c84a26503f560821d40c542441658934fba"
url = "https://get.helm.sh/helm-v4.3.0-darwin-arm64.tar.gz"

[[tools.k3d]]
version = "5.9.0"
backend = "aqua:k3d-io/k3d"
specifiers = [
    "5.9",
    "5.9.0",
]

[tools.k3d."platforms.linux-x64"]
checksum = "sha256:06d8f25bc3a971c4eb29e0ff08429b180402db0f4dec838c9eac427e296800a0"
url = "https://github.com/k3d-io/k3d/releases/download/v5.9.0/k3d-linux-amd64"
url_api = "https://api.github.com/repos/k3d-io/k3d/releases/assets/436305793"

[tools.k3d."platforms.macos-arm64"]
checksum = "sha256:fe106541d5d0a3f18debcd4d432a16f8c0ce3e6ddc06f8fbb6f696a122313e00"
url = "https://github.com/k3d-io/k3d/releases/download/v5.9.0/k3d-darwin-arm64"
url_api = "https://api.github.com/repos/k3d-io/k3d/releases/assets/436305875"

[[tools.k9s]]
version = "0.51.0"
backend = "aqua:derailed/k9s"
specifiers = [
    "0.51",
    "0.51.0",
]

[tools.k9s."platforms.linux-x64"]
checksum = "sha256:c3752ad51a5a4015a113819c4eeb6e55a4d0e4b8e652494797532f6fc8161dd7"
url = "https://github.com/derailed/k9s/releases/download/v0.51.0/k9s_Linux_amd64.tar.gz"
url_api = "https://api.github.com/repos/derailed/k9s/releases/assets/440224321"

[tools.k9s."platforms.macos-arm64"]
checksum = "sha256:9b8c0e8f461e5d33aeee43a67f5ef4aff646a008a786887b8266cbb153c610cc"
url = "https://github.com/derailed/k9s/releases/download/v0.51.0/k9s_Darwin_arm64.tar.gz"
url_api = "https://api.github.com/repos/derailed/k9s/releases/assets/440224326"

[[tools.kind]]
version = "0.33.0"
backend = "aqua:kubernetes-sigs/kind"
specifiers = ["0.33.0"]

[tools.kind."platforms.linux-x64"]
checksum = "sha256:aee6151561422756b764a4ae28e7f44cda5af5a9eead3cc9985112b1de8d8e0d"
url = "https://github.com/kubernetes-sigs/kind/releases/download/v0.33.0/kind-linux-amd64"
url_api = "https://api.github.com/repos/kubernetes-sigs/kind/releases/assets/531396433"

[tools.kind."platforms.macos-arm64"]
checksum = "sha256:0c8c7dbe5e23594a198b786c4bc13dacc101fa6196b0cb0b23a1ca44e61f4b4f"
url = "https://github.com/kubernetes-sigs/kind/releases/download/v0.33.0/kind-darwin-arm64"
url_api = "https://api.github.com/repos/kubernetes-sigs/kind/releases/assets/531396417"

[[tools.kubectl]]
version = "1.37.1"
backend = "aqua:kubernetes/kubernetes/kubectl"
specifiers = ["1.37.1"]

[tools.kubectl."platforms.linux-x64"]
checksum = "sha256:65691ff77eb6fa44c908b77a1082c9f092c3b9733b5cefabec0d1104890e21a8"
url = "https://dl.k8s.io/v1.37.1/bin/linux/amd64/kubectl"

[tools.kubectl."platforms.macos-arm64"]
checksum = "sha256:fd65982c97ddad3106754b69ffa196d0e543aa591930ae52aed1adfb92f8c77f"
url = "https://dl.k8s.io/v1.37.1/bin/darwin/arm64/kubectl"

[[tools.kubectx]]
version = "0.11.0"
backend = "aqua:ahmetb/kubectx"
specifiers = [
    "0.11",
    "0.11.0",
]

[tools.kubectx."platforms.linux-x64"]
checksum = "sha256:08e031c54fbffb3f100e904e4eae94bba2730fedf4869921fda79e4d7a8f5d4c"
url = "https://github.com/ahmetb/kubectx/releases/download/v0.11.0/kubectx_v0.11.0_linux_x86_64.tar.gz"
url_api = "https://api.github.com/repos/ahmetb/kubectx/releases/assets/382590978"

[tools.kubectx."platforms.macos-arm64"]
checksum = "sha256:b8c9b5150ca6d902474a115cf7e535831081b9ae10cbe561ea36c82bb3823d02"
url = "https://github.com/ahmetb/kubectx/releases/download/v0.11.0/kubectx_v0.11.0_darwin_arm64.tar.gz"
url_api = "https://api.github.com/repos/ahmetb/kubectx/releases/assets/382590921"

[[tools.kubens]]
version = "0.11.0"
backend = "aqua:ahmetb/kubectx/kubens"
specifiers = [
    "0.11",
    "0.11.0",
]

[tools.kubens."platforms.linux-x64"]
checksum = "sha256:326c021c7b35468ed9a187b361198d0f22ae32828139c65eb6670c0d8301cc09"
url = "https://github.com/ahmetb/kubectx/releases/download/v0.11.0/kubens_v0.11.0_linux_x86_64.tar.gz"
url_api = "https://api.github.com/repos/ahmetb/kubectx/releases/assets/382591017"

[tools.kubens."platforms.macos-arm64"]
checksum = "sha256:b1c87ddca22f1afc3e980ac807a715cd1183750022798d28a0a4e0cf66bec4e3"
url = "https://github.com/ahmetb/kubectx/releases/download/v0.11.0/kubens_v0.11.0_darwin_arm64.tar.gz"
url_api = "https://api.github.com/repos/ahmetb/kubectx/releases/assets/382591004"

[[tools.kustomize]]
version = "5.8.2"
backend = "aqua:kubernetes-sigs/kustomize"
specifiers = ["5.8.2"]

[tools.kustomize."platforms.linux-x64"]
checksum = "sha256:06af0a202c2b831207d0173f9c9cdb1b30abceca0747cb3fbb72792d26055c95"
url = "https://github.com/kubernetes-sigs/kustomize/releases/download/kustomize/v5.8.2/kustomize_v5.8.2_linux_amd64.tar.gz"
url_api = "https://api.github.com/repos/kubernetes-sigs/kustomize/releases/assets/600925225"

[tools.kustomize."platforms.macos-arm64"]
checksum = "sha256:4ce452c096a4005be16ddc02129255830d1d6605ffe3693699c72a1b2be48658"
url = "https://github.com/kubernetes-sigs/kustomize/releases/download/kustomize/v5.8.2/kustomize_v5.8.2_darwin_arm64.tar.gz"
url_api = "https://api.github.com/repos/kubernetes-sigs/kustomize/releases/assets/600925224"

[[tools."pipx:mycli"]]
version = "2.27.0"
backend = "pipx:mycli"
specifiers = ["2.27.0"]

[[tools."pipx:oci-cli"]]
version = "3.94.1"
backend = "pipx:oci-cli"
specifiers = ["3.94.1"]

[[tools."pipx:pgcli"]]
version = "4.7.1"
backend = "pipx:pgcli"
specifiers = ["4.7.1"]

[[tools.sops]]
version = "3.13.3"
backend = "aqua:getsops/sops"
specifiers = [
    "3",
    "3.13.3",
]

[tools.sops."platforms.linux-x64"]
checksum = "sha256:e5bec3346a873ae91d871550f3e698c1aad962aff462a080e40f25fde17fef6b"
url = "https://github.com/getsops/sops/releases/download/v3.13.3/sops-v3.13.3.linux.amd64"
url_api = "https://api.github.com/repos/getsops/sops/releases/assets/486808201"

[tools.sops."platforms.linux-x64".provenance.slsa]
url = "https://github.com/getsops/sops/releases/download/v3.13.3/sops-v3.13.3.intoto.jsonl"

[tools.sops."platforms.macos-arm64"]
checksum = "sha256:b97c0d434aab577dc40310e8d22ff9e45eef4c80638ab978daae9b4681c59286"
url = "https://github.com/getsops/sops/releases/download/v3.13.3/sops-v3.13.3.darwin.arm64"
url_api = "https://api.github.com/repos/getsops/sops/releases/assets/486808198"

[tools.sops."platforms.macos-arm64".provenance.slsa]
url = "https://github.com/getsops/sops/releases/download/v3.13.3/sops-v3.13.3.intoto.jsonl"

[[tools.telepresence]]
version = "2.32.1"
backend = "aqua:telepresenceio/telepresence"
specifiers = ["2.32.1"]

[tools.telepresence."platforms.linux-x64"]
checksum = "sha256:cddbe69a37562cbe9ba00c37f9f9ccc4ad37088fd73a8018823ab16979fe1ea7"
url = "https://github.com/telepresenceio/telepresence/releases/download/v2.32.1/telepresence-linux-amd64"
url_api = "https://api.github.com/repos/telepresenceio/telepresence/releases/assets/588020403"

[tools.telepresence."platforms.macos-arm64"]
checksum = "sha256:353d24a39bba13af5813636cc987a9ed30ca3ad202a0ba50aea8a6e830fbc5a8"
url = "https://github.com/telepresenceio/telepresence/releases/download/v2.32.1/telepresence-darwin-arm64"
url_api = "https://api.github.com/repos/telepresenceio/telepresence/releases/assets/588020670"

[[tools.terraform]]
version = "1.16.4"
backend = "aqua:hashicorp/terraform"
specifiers = ["1.16.4"]

[tools.terraform."platforms.linux-x64"]
checksum = "sha256:dc94af0eef1147718ad7c8daea792ed199e3e0492eec180d0adafa2a65a879df"
url = "https://releases.hashicorp.com/terraform/1.16.4/terraform_1.16.4_linux_amd64.zip"

[tools.terraform."platforms.macos-arm64"]
checksum = "sha256:42cfdf97ad722f79085fe2279b06d4b8680172de3534b22eeddd9a0fbbe7b8f1"
url = "https://releases.hashicorp.com/terraform/1.16.4/terraform_1.16.4_darwin_arm64.zip"
